
Microsoft Visual Studio Solution File, Format Version 12.00
# Visual Studio Version 17
VisualStudioVersion = 17.7.34221.43
MinimumVisualStudioVersion = 10.0.40219.1
Project("{FAE04EC0-301F-11D3-BF4B-00C04F79EFBC}") = "Get_list_from_NAVER", "Get_list_from_NAVER\Get_list_from_NAVER.csproj", "{164E42E9-EFBA-4989-A797-FE4854FFF289}"
EndProject
Global
	GlobalSection(SolutionConfigurationPlatforms) = preSolution
		Debug|Any CPU = Debug|Any CPU
		Release|Any CPU = Release|Any CPU
	EndGlobalSection
	GlobalSection(ProjectConfigurationPlatforms) = postSolution
		{164E42E9-EFBA-4989-A797-FE4854FFF289}.Debug|Any CPU.ActiveCfg = Debug|Any CPU
		{164E42E9-EFBA-4989-A797-FE4854FFF289}.Debug|Any CPU.Build.0 = Debug|Any CPU
		{164E42E9-EFBA-4989-A797-FE4854FFF289}.Release|Any CPU.ActiveCfg = Release|Any CPU
		{164E42E9-EFBA-4989-A797-FE4854FFF289}.Release|Any CPU.Build.0 = Release|Any CPU
	EndGlobalSection
	GlobalSection(SolutionProperties) = preSolution
		HideSolutionNode = FALSE
	EndGlobalSection
	GlobalSection(ExtensibilityGlobals) = postSolution
		SolutionGuid = {0BE4C9FC-6304-4FD2-9597-56E610C43F40}
	EndGlobalSection
EndGlobal
