
Microsoft Visual Studio Solution File, Format Version 12.00
# Visual Studio Version 17
VisualStudioVersion = 17.5.33516.290
MinimumVisualStudioVersion = 10.0.40219.1
Project("{FAE04EC0-301F-11D3-BF4B-00C04F79EFBC}") = "Weather_region_code", "Weather_region_code\Weather_region_code.csproj", "{C4D301EA-586A-4394-B0C3-158FB92D0792}"
EndProject
Global
	GlobalSection(SolutionConfigurationPlatforms) = preSolution
		Debug|Any CPU = Debug|Any CPU
		Release|Any CPU = Release|Any CPU
	EndGlobalSection
	GlobalSection(ProjectConfigurationPlatforms) = postSolution
		{C4D301EA-586A-4394-B0C3-158FB92D0792}.Debug|Any CPU.ActiveCfg = Debug|Any CPU
		{C4D301EA-586A-4394-B0C3-158FB92D0792}.Debug|Any CPU.Build.0 = Debug|Any CPU
		{C4D301EA-586A-4394-B0C3-158FB92D0792}.Release|Any CPU.ActiveCfg = Release|Any CPU
		{C4D301EA-586A-4394-B0C3-158FB92D0792}.Release|Any CPU.Build.0 = Release|Any CPU
	EndGlobalSection
	GlobalSection(SolutionProperties) = preSolution
		HideSolutionNode = FALSE
	EndGlobalSection
	GlobalSection(ExtensibilityGlobals) = postSolution
		SolutionGuid = {2322FAF0-6B24-4127-B608-07AA5BDF9EB1}
	EndGlobalSection
EndGlobal
