
Microsoft Visual Studio Solution File, Format Version 12.00
# Visual Studio Version 17
VisualStudioVersion = 17.7.34221.43
MinimumVisualStudioVersion = 10.0.40219.1
Project("{FAE04EC0-301F-11D3-BF4B-00C04F79EFBC}") = "Rest_API_practice", "Rest_API_practice\Rest_API_practice.csproj", "{22A718DA-E020-4C0E-A3F2-FDFEF07136F2}"
EndProject
Global
	GlobalSection(SolutionConfigurationPlatforms) = preSolution
		Debug|Any CPU = Debug|Any CPU
		Release|Any CPU = Release|Any CPU
	EndGlobalSection
	GlobalSection(ProjectConfigurationPlatforms) = postSolution
		{22A718DA-E020-4C0E-A3F2-FDFEF07136F2}.Debug|Any CPU.ActiveCfg = Debug|Any CPU
		{22A718DA-E020-4C0E-A3F2-FDFEF07136F2}.Debug|Any CPU.Build.0 = Debug|Any CPU
		{22A718DA-E020-4C0E-A3F2-FDFEF07136F2}.Release|Any CPU.ActiveCfg = Release|Any CPU
		{22A718DA-E020-4C0E-A3F2-FDFEF07136F2}.Release|Any CPU.Build.0 = Release|Any CPU
	EndGlobalSection
	GlobalSection(SolutionProperties) = preSolution
		HideSolutionNode = FALSE
	EndGlobalSection
	GlobalSection(ExtensibilityGlobals) = postSolution
		SolutionGuid = {2A89DF42-1725-4BE7-868B-55E3D283166B}
	EndGlobalSection
EndGlobal
